// !$*UTF8*$!
{
	archiveVersion = 1;
	classes = {
	};
	objectVersion = 55;
	objects = {

/* Begin PBXBuildFile section */
		242D0375275121A5008EFF95 /* GoogleService-Info.plist in Resources */ = {isa = PBXBuildFile; fileRef = 242D0374275121A5008EFF95 /* GoogleService-Info.plist */; };
		248FA5932742B5A600D40BC4 /* HomeViewController.swift in Sources */ = {isa = PBXBuildFile; fileRef = 248FA5912742B5A600D40BC4 /* HomeViewController.swift */; };
		248FA5942742B5A600D40BC4 /* HomeViewController.xib in Resources */ = {isa = PBXBuildFile; fileRef = 248FA5922742B5A600D40BC4 /* HomeViewController.xib */; };
		248FA59B2743B27C00D40BC4 /* CategoriesTableViewCell.swift in Sources */ = {isa = PBXBuildFile; fileRef = 248FA5992743B27C00D40BC4 /* CategoriesTableViewCell.swift */; };
		248FA59C2743B27C00D40BC4 /* CategoriesTableViewCell.xib in Resources */ = {isa = PBXBuildFile; fileRef = 248FA59A2743B27C00D40BC4 /* CategoriesTableViewCell.xib */; };
		248FA5A32743BE8F00D40BC4 /* CategoryModel.swift in Sources */ = {isa = PBXBuildFile; fileRef = 248FA5A22743BE8F00D40BC4 /* CategoryModel.swift */; };
		248FA5A827440D1F00D40BC4 /* ICNavigationController.swift in Sources */ = {isa = PBXBuildFile; fileRef = 248FA5A727440D1F00D40BC4 /* ICNavigationController.swift */; };
		248FA5AC2745143300D40BC4 /* ICTableViewCell.swift in Sources */ = {isa = PBXBuildFile; fileRef = 248FA5AB2745143300D40BC4 /* ICTableViewCell.swift */; };
		248FA5B027454BFD00D40BC4 /* HTTPManager.swift in Sources */ = {isa = PBXBuildFile; fileRef = 248FA5AF27454BFD00D40BC4 /* HTTPManager.swift */; };
		248FA5B42746624700D40BC4 /* MealsListViewController.swift in Sources */ = {isa = PBXBuildFile; fileRef = 248FA5B22746624600D40BC4 /* MealsListViewController.swift */; };
		248FA5B52746624700D40BC4 /* MealsListViewController.xib in Resources */ = {isa = PBXBuildFile; fileRef = 248FA5B32746624600D40BC4 /* MealsListViewController.xib */; };
		248FA5B82746634D00D40BC4 /* MealListModel.swift in Sources */ = {isa = PBXBuildFile; fileRef = 248FA5B72746634D00D40BC4 /* MealListModel.swift */; };
		248FA5BE274664D300D40BC4 /* MealListTableViewCell.swift in Sources */ = {isa = PBXBuildFile; fileRef = 248FA5BC274664D300D40BC4 /* MealListTableViewCell.swift */; };
		248FA5BF274664D300D40BC4 /* MealListTableViewCell.xib in Resources */ = {isa = PBXBuildFile; fileRef = 248FA5BD274664D300D40BC4 /* MealListTableViewCell.xib */; };
		249F6D40274265BF0084ABDD /* ICTabBarController.swift in Sources */ = {isa = PBXBuildFile; fileRef = 249F6D3F274265BF0084ABDD /* ICTabBarController.swift */; };
		24AC380B274BD3CE00850B71 /* MealDetailsViewController.swift in Sources */ = {isa = PBXBuildFile; fileRef = 24AC3809274BD3CE00850B71 /* MealDetailsViewController.swift */; };
		24AC380C274BD3CE00850B71 /* MealDetailsViewController.xib in Resources */ = {isa = PBXBuildFile; fileRef = 24AC380A274BD3CE00850B71 /* MealDetailsViewController.xib */; };
		24AC380F274BD84300850B71 /* MealDetailsModel.swift in Sources */ = {isa = PBXBuildFile; fileRef = 24AC380E274BD84300850B71 /* MealDetailsModel.swift */; };
		24AC3813274CE5DE00850B71 /* MealDetailsInformationTableViewCell.xib in Resources */ = {isa = PBXBuildFile; fileRef = 24AC3811274CE5DE00850B71 /* MealDetailsInformationTableViewCell.xib */; };
		24AC3814274CF7B300850B71 /* MealDetailsInformationTableViewCell.swift in Sources */ = {isa = PBXBuildFile; fileRef = 24AC3810274CE5DE00850B71 /* MealDetailsInformationTableViewCell.swift */; };
		24AC3816274CFF7E00850B71 /* UILabel+Height.swift in Sources */ = {isa = PBXBuildFile; fileRef = 24AC3815274CFF7E00850B71 /* UILabel+Height.swift */; };
		24AC3818274D2CB400850B71 /* UserDefaults+UserProfile.swift in Sources */ = {isa = PBXBuildFile; fileRef = 24AC3817274D2CB400850B71 /* UserDefaults+UserProfile.swift */; };
		24AC381C274E2D0700850B71 /* FavoritesViewController.swift in Sources */ = {isa = PBXBuildFile; fileRef = 24AC381A274E2D0700850B71 /* FavoritesViewController.swift */; };
		24AC381D274E2D0700850B71 /* FavoritesViewController.xib in Resources */ = {isa = PBXBuildFile; fileRef = 24AC381B274E2D0700850B71 /* FavoritesViewController.xib */; };
		24AC381F274E345800850B71 /* StorageManager.swift in Sources */ = {isa = PBXBuildFile; fileRef = 24AC381E274E345800850B71 /* StorageManager.swift */; };
		24B7492D2756321E004136DC /* SettingsViewController.swift in Sources */ = {isa = PBXBuildFile; fileRef = 24B7492B2756321E004136DC /* SettingsViewController.swift */; };
		24B7492E2756321E004136DC /* SettingsViewController.xib in Resources */ = {isa = PBXBuildFile; fileRef = 24B7492C2756321E004136DC /* SettingsViewController.xib */; };
		24CEA365273E6C3100414D31 /* AppDelegate.swift in Sources */ = {isa = PBXBuildFile; fileRef = 24CEA364273E6C3100414D31 /* AppDelegate.swift */; };
		24CEA367273E6C3100414D31 /* SceneDelegate.swift in Sources */ = {isa = PBXBuildFile; fileRef = 24CEA366273E6C3100414D31 /* SceneDelegate.swift */; };
		24CEA369273E6C3100414D31 /* LoginViewController.swift in Sources */ = {isa = PBXBuildFile; fileRef = 24CEA368273E6C3100414D31 /* LoginViewController.swift */; };
		24CEA36C273E6C3100414D31 /* Main.storyboard in Resources */ = {isa = PBXBuildFile; fileRef = 24CEA36A273E6C3100414D31 /* Main.storyboard */; };
		24CEA36E273E6C3400414D31 /* Assets.xcassets in Resources */ = {isa = PBXBuildFile; fileRef = 24CEA36D273E6C3400414D31 /* Assets.xcassets */; };
		24CEA371273E6C3400414D31 /* LaunchScreen.storyboard in Resources */ = {isa = PBXBuildFile; fileRef = 24CEA36F273E6C3400414D31 /* LaunchScreen.storyboard */; };
		24CEA37B273E76CF00414D31 /* ICViewController.swift in Sources */ = {isa = PBXBuildFile; fileRef = 24CEA37A273E76CF00414D31 /* ICViewController.swift */; };
		24CEA37D273E79C500414D31 /* ICRoundedImageView.swift in Sources */ = {isa = PBXBuildFile; fileRef = 24CEA37C273E79C500414D31 /* ICRoundedImageView.swift */; };
		24CEA37F273E79EC00414D31 /* ICLabel.swift in Sources */ = {isa = PBXBuildFile; fileRef = 24CEA37E273E79EC00414D31 /* ICLabel.swift */; };
		24CEA381273E7A0C00414D31 /* ICButton.swift in Sources */ = {isa = PBXBuildFile; fileRef = 24CEA380273E7A0C00414D31 /* ICButton.swift */; };
		A1211E55430225B6BF171B3E /* Pods_iCook.framework in Frameworks */ = {isa = PBXBuildFile; fileRef = E88705D126F9F578197AE697 /* Pods_iCook.framework */; };
		B213280B273EB7BB00061877 /* UIColor+HEX.swift in Sources */ = {isa = PBXBuildFile; fileRef = B213280A273EB7BB00061877 /* UIColor+HEX.swift */; };
		B21C1CF727466CED00B1E844 /* ICServerConstants.swift in Sources */ = {isa = PBXBuildFile; fileRef = B21C1CF627466CED00B1E844 /* ICServerConstants.swift */; };
		B2F0FA37274CD5A3004BBE75 /* MealDetailsImageTableViewCell.swift in Sources */ = {isa = PBXBuildFile; fileRef = B2F0FA35274CD5A3004BBE75 /* MealDetailsImageTableViewCell.swift */; };
		B2F0FA38274CD5A3004BBE75 /* MealDetailsImageTableViewCell.xib in Resources */ = {isa = PBXBuildFile; fileRef = B2F0FA36274CD5A3004BBE75 /* MealDetailsImageTableViewCell.xib */; };
/* End PBXBuildFile section */

/* Begin PBXFileReference section */
		218CF855A4A257C05908E111 /* Pods-iCook.release.xcconfig */ = {isa = PBXFileReference; includeInIndex = 1; lastKnownFileType = text.xcconfig; name = "Pods-iCook.release.xcconfig"; path = "Target Support Files/Pods-iCook/Pods-iCook.release.xcconfig"; sourceTree = "<group>"; };
		242D0374275121A5008EFF95 /* GoogleService-Info.plist */ = {isa = PBXFileReference; fileEncoding = 4; lastKnownFileType = text.plist.xml; path = "GoogleService-Info.plist"; sourceTree = "<group>"; };
		248FA5912742B5A600D40BC4 /* HomeViewController.swift */ = {isa = PBXFileReference; lastKnownFileType = sourcecode.swift; path = HomeViewController.swift; sourceTree = "<group>"; };
		248FA5922742B5A600D40BC4 /* HomeViewController.xib */ = {isa = PBXFileReference; lastKnownFileType = file.xib; path = HomeViewController.xib; sourceTree = "<group>"; };
		248FA5992743B27C00D40BC4 /* CategoriesTableViewCell.swift */ = {isa = PBXFileReference; lastKnownFileType = sourcecode.swift; path = CategoriesTableViewCell.swift; sourceTree = "<group>"; };
		248FA59A2743B27C00D40BC4 /* CategoriesTableViewCell.xib */ = {isa = PBXFileReference; lastKnownFileType = file.xib; path = CategoriesTableViewCell.xib; sourceTree = "<group>"; };
		248FA5A22743BE8F00D40BC4 /* CategoryModel.swift */ = {isa = PBXFileReference; lastKnownFileType = sourcecode.swift; path = CategoryModel.swift; sourceTree = "<group>"; };
		248FA5A727440D1F00D40BC4 /* ICNavigationController.swift */ = {isa = PBXFileReference; lastKnownFileType = sourcecode.swift; path = ICNavigationController.swift; sourceTree = "<group>"; };
		248FA5AB2745143300D40BC4 /* ICTableViewCell.swift */ = {isa = PBXFileReference; lastKnownFileType = sourcecode.swift; path = ICTableViewCell.swift; sourceTree = "<group>"; };
		248FA5AF27454BFD00D40BC4 /* HTTPManager.swift */ = {isa = PBXFileReference; lastKnownFileType = sourcecode.swift; path = HTTPManager.swift; sourceTree = "<group>"; };
		248FA5B22746624600D40BC4 /* MealsListViewController.swift */ = {isa = PBXFileReference; lastKnownFileType = sourcecode.swift; path = MealsListViewController.swift; sourceTree = "<group>"; };
		248FA5B32746624600D40BC4 /* MealsListViewController.xib */ = {isa = PBXFileReference; lastKnownFileType = file.xib; path = MealsListViewController.xib; sourceTree = "<group>"; };
		248FA5B72746634D00D40BC4 /* MealListModel.swift */ = {isa = PBXFileReference; lastKnownFileType = sourcecode.swift; path = MealListModel.swift; sourceTree = "<group>"; };
		248FA5BC274664D300D40BC4 /* MealListTableViewCell.swift */ = {isa = PBXFileReference; lastKnownFileType = sourcecode.swift; path = MealListTableViewCell.swift; sourceTree = "<group>"; };
		248FA5BD274664D300D40BC4 /* MealListTableViewCell.xib */ = {isa = PBXFileReference; lastKnownFileType = file.xib; path = MealListTableViewCell.xib; sourceTree = "<group>"; };
		249F6D3F274265BF0084ABDD /* ICTabBarController.swift */ = {isa = PBXFileReference; lastKnownFileType = sourcecode.swift; path = ICTabBarController.swift; sourceTree = "<group>"; };
		24AC3809274BD3CE00850B71 /* MealDetailsViewController.swift */ = {isa = PBXFileReference; lastKnownFileType = sourcecode.swift; path = MealDetailsViewController.swift; sourceTree = "<group>"; };
		24AC380A274BD3CE00850B71 /* MealDetailsViewController.xib */ = {isa = PBXFileReference; lastKnownFileType = file.xib; path = MealDetailsViewController.xib; sourceTree = "<group>"; };
		24AC380E274BD84300850B71 /* MealDetailsModel.swift */ = {isa = PBXFileReference; lastKnownFileType = sourcecode.swift; path = MealDetailsModel.swift; sourceTree = "<group>"; };
		24AC3810274CE5DE00850B71 /* MealDetailsInformationTableViewCell.swift */ = {isa = PBXFileReference; lastKnownFileType = sourcecode.swift; path = MealDetailsInformationTableViewCell.swift; sourceTree = "<group>"; };
		24AC3811274CE5DE00850B71 /* MealDetailsInformationTableViewCell.xib */ = {isa = PBXFileReference; lastKnownFileType = file.xib; path = MealDetailsInformationTableViewCell.xib; sourceTree = "<group>"; };
		24AC3815274CFF7E00850B71 /* UILabel+Height.swift */ = {isa = PBXFileReference; lastKnownFileType = sourcecode.swift; path = "UILabel+Height.swift"; sourceTree = "<group>"; };
		24AC3817274D2CB400850B71 /* UserDefaults+UserProfile.swift */ = {isa = PBXFileReference; lastKnownFileType = sourcecode.swift; path = "UserDefaults+UserProfile.swift"; sourceTree = "<group>"; };
		24AC381A274E2D0700850B71 /* FavoritesViewController.swift */ = {isa = PBXFileReference; lastKnownFileType = sourcecode.swift; path = FavoritesViewController.swift; sourceTree = "<group>"; };
		24AC381B274E2D0700850B71 /* FavoritesViewController.xib */ = {isa = PBXFileReference; lastKnownFileType = file.xib; path = FavoritesViewController.xib; sourceTree = "<group>"; };
		24AC381E274E345800850B71 /* StorageManager.swift */ = {isa = PBXFileReference; lastKnownFileType = sourcecode.swift; path = StorageManager.swift; sourceTree = "<group>"; };
		24B7492B2756321E004136DC /* SettingsViewController.swift */ = {isa = PBXFileReference; lastKnownFileType = sourcecode.swift; path = SettingsViewController.swift; sourceTree = "<group>"; };
		24B7492C2756321E004136DC /* SettingsViewController.xib */ = {isa = PBXFileReference; lastKnownFileType = file.xib; path = SettingsViewController.xib; sourceTree = "<group>"; };
		24CEA361273E6C3100414D31 /* iCook.app */ = {isa = PBXFileReference; explicitFileType = wrapper.application; includeInIndex = 0; path = iCook.app; sourceTree = BUILT_PRODUCTS_DIR; };
		24CEA364273E6C3100414D31 /* AppDelegate.swift */ = {isa = PBXFileReference; lastKnownFileType = sourcecode.swift; path = AppDelegate.swift; sourceTree = "<group>"; };
		24CEA366273E6C3100414D31 /* SceneDelegate.swift */ = {isa = PBXFileReference; lastKnownFileType = sourcecode.swift; path = SceneDelegate.swift; sourceTree = "<group>"; };
		24CEA368273E6C3100414D31 /* LoginViewController.swift */ = {isa = PBXFileReference; lastKnownFileType = sourcecode.swift; path = LoginViewController.swift; sourceTree = "<group>"; };
		24CEA36B273E6C3100414D31 /* Base */ = {isa = PBXFileReference; lastKnownFileType = file.storyboard; name = Base; path = Base.lproj/Main.storyboard; sourceTree = "<group>"; };
		24CEA36D273E6C3400414D31 /* Assets.xcassets */ = {isa = PBXFileReference; lastKnownFileType = folder.assetcatalog; path = Assets.xcassets; sourceTree = "<group>"; };
		24CEA370273E6C3400414D31 /* Base */ = {isa = PBXFileReference; lastKnownFileType = file.storyboard; name = Base; path = Base.lproj/LaunchScreen.storyboard; sourceTree = "<group>"; };
		24CEA372273E6C3400414D31 /* Info.plist */ = {isa = PBXFileReference; lastKnownFileType = text.plist.xml; path = Info.plist; sourceTree = "<group>"; };
		24CEA37A273E76CF00414D31 /* ICViewController.swift */ = {isa = PBXFileReference; lastKnownFileType = sourcecode.swift; path = ICViewController.swift; sourceTree = "<group>"; };
		24CEA37C273E79C500414D31 /* ICRoundedImageView.swift */ = {isa = PBXFileReference; lastKnownFileType = sourcecode.swift; path = ICRoundedImageView.swift; sourceTree = "<group>"; };
		24CEA37E273E79EC00414D31 /* ICLabel.swift */ = {isa = PBXFileReference; lastKnownFileType = sourcecode.swift; path = ICLabel.swift; sourceTree = "<group>"; };
		24CEA380273E7A0C00414D31 /* ICButton.swift */ = {isa = PBXFileReference; lastKnownFileType = sourcecode.swift; path = ICButton.swift; sourceTree = "<group>"; };
		B213280A273EB7BB00061877 /* UIColor+HEX.swift */ = {isa = PBXFileReference; lastKnownFileType = sourcecode.swift; path = "UIColor+HEX.swift"; sourceTree = "<group>"; };
		B21C1CF627466CED00B1E844 /* ICServerConstants.swift */ = {isa = PBXFileReference; lastKnownFileType = sourcecode.swift; path = ICServerConstants.swift; sourceTree = "<group>"; };
		B2F0FA35274CD5A3004BBE75 /* MealDetailsImageTableViewCell.swift */ = {isa = PBXFileReference; lastKnownFileType = sourcecode.swift; path = MealDetailsImageTableViewCell.swift; sourceTree = "<group>"; };
		B2F0FA36274CD5A3004BBE75 /* MealDetailsImageTableViewCell.xib */ = {isa = PBXFileReference; lastKnownFileType = file.xib; path = MealDetailsImageTableViewCell.xib; sourceTree = "<group>"; };
		E54C19CDE8E05E5B8BDA142C /* Pods-iCook.debug.xcconfig */ = {isa = PBXFileReference; includeInIndex = 1; lastKnownFileType = text.xcconfig; name = "Pods-iCook.debug.xcconfig"; path = "Target Support Files/Pods-iCook/Pods-iCook.debug.xcconfig"; sourceTree = "<group>"; };
		E88705D126F9F578197AE697 /* Pods_iCook.framework */ = {isa = PBXFileReference; explicitFileType = wrapper.framework; includeInIndex = 0; path = Pods_iCook.framework; sourceTree = BUILT_PRODUCTS_DIR; };
/* End PBXFileReference section */

/* Begin PBXFrameworksBuildPhase section */
		24CEA35E273E6C3100414D31 /* Frameworks */ = {
			isa = PBXFrameworksBuildPhase;
			buildActionMask = 2147483647;
			files = (
				A1211E55430225B6BF171B3E /* Pods_iCook.framework in Frameworks */,
			);
			runOnlyForDeploymentPostprocessing = 0;
		};
/* End PBXFrameworksBuildPhase section */

/* Begin PBXGroup section */
		248FA5952742B5AF00D40BC4 /* Login */ = {
			isa = PBXGroup;
			children = (
				24CEA368273E6C3100414D31 /* LoginViewController.swift */,
				24CEA36A273E6C3100414D31 /* Main.storyboard */,
			);
			path = Login;
			sourceTree = "<group>";
		};
		248FA5962742B5BF00D40BC4 /* Home */ = {
			isa = PBXGroup;
			children = (
				248FA59D2743B4EA00D40BC4 /* Model */,
				248FA5A12743B52200D40BC4 /* View */,
				248FA5912742B5A600D40BC4 /* HomeViewController.swift */,
				248FA5922742B5A600D40BC4 /* HomeViewController.xib */,
			);
			path = Home;
			sourceTree = "<group>";
		};
		248FA59D2743B4EA00D40BC4 /* Model */ = {
			isa = PBXGroup;
			children = (
				248FA5A22743BE8F00D40BC4 /* CategoryModel.swift */,
			);
			path = Model;
			sourceTree = "<group>";
		};
		248FA5A12743B52200D40BC4 /* View */ = {
			isa = PBXGroup;
			children = (
				248FA5992743B27C00D40BC4 /* CategoriesTableViewCell.swift */,
				248FA59A2743B27C00D40BC4 /* CategoriesTableViewCell.xib */,
			);
			path = View;
			sourceTree = "<group>";
		};
		248FA5AD27454B9500D40BC4 /* Managers */ = {
			isa = PBXGroup;
			children = (
				248FA5AE27454BA300D40BC4 /* Networking */,
				24AC381E274E345800850B71 /* StorageManager.swift */,
			);
			path = Managers;
			sourceTree = "<group>";
		};
		248FA5AE27454BA300D40BC4 /* Networking */ = {
			isa = PBXGroup;
			children = (
				248FA5AF27454BFD00D40BC4 /* HTTPManager.swift */,
				B21C1CF627466CED00B1E844 /* ICServerConstants.swift */,
			);
			path = Networking;
			sourceTree = "<group>";
		};
		248FA5B1274661FC00D40BC4 /* MealsList */ = {
			isa = PBXGroup;
			children = (
				248FA5B9274663DF00D40BC4 /* View */,
				248FA5B62746629200D40BC4 /* Model */,
				248FA5B22746624600D40BC4 /* MealsListViewController.swift */,
				248FA5B32746624600D40BC4 /* MealsListViewController.xib */,
			);
			path = MealsList;
			sourceTree = "<group>";
		};
		248FA5B62746629200D40BC4 /* Model */ = {
			isa = PBXGroup;
			children = (
				248FA5B72746634D00D40BC4 /* MealListModel.swift */,
			);
			path = Model;
			sourceTree = "<group>";
		};
		248FA5B9274663DF00D40BC4 /* View */ = {
			isa = PBXGroup;
			children = (
				248FA5BC274664D300D40BC4 /* MealListTableViewCell.swift */,
				248FA5BD274664D300D40BC4 /* MealListTableViewCell.xib */,
			);
			path = View;
			sourceTree = "<group>";
		};
		24AC3808274BD39800850B71 /* MealDetails */ = {
			isa = PBXGroup;
			children = (
				B2F0FA34274CD57C004BBE75 /* View */,
				24AC380D274BD82E00850B71 /* Model */,
				24AC3809274BD3CE00850B71 /* MealDetailsViewController.swift */,
				24AC380A274BD3CE00850B71 /* MealDetailsViewController.xib */,
			);
			path = MealDetails;
			sourceTree = "<group>";
		};
		24AC380D274BD82E00850B71 /* Model */ = {
			isa = PBXGroup;
			children = (
				24AC380E274BD84300850B71 /* MealDetailsModel.swift */,
			);
			path = Model;
			sourceTree = "<group>";
		};
		24AC3819274E2CC600850B71 /* Favorites */ = {
			isa = PBXGroup;
			children = (
				24AC381A274E2D0700850B71 /* FavoritesViewController.swift */,
				24AC381B274E2D0700850B71 /* FavoritesViewController.xib */,
			);
			path = Favorites;
			sourceTree = "<group>";
		};
		24B7492A275631EA004136DC /* Settings */ = {
			isa = PBXGroup;
			children = (
				24B7492B2756321E004136DC /* SettingsViewController.swift */,
				24B7492C2756321E004136DC /* SettingsViewController.xib */,
			);
			path = Settings;
			sourceTree = "<group>";
		};
		24CEA358273E6C3100414D31 = {
			isa = PBXGroup;
			children = (
				24CEA363273E6C3100414D31 /* iCook */,
				24CEA362273E6C3100414D31 /* Products */,
				8CA6E7FEDDA0E2A63C843CE4 /* Pods */,
				413ADE116878915F9D7B24D1 /* Frameworks */,
			);
			sourceTree = "<group>";
		};
		24CEA362273E6C3100414D31 /* Products */ = {
			isa = PBXGroup;
			children = (
				24CEA361273E6C3100414D31 /* iCook.app */,
			);
			name = Products;
			sourceTree = "<group>";
		};
		24CEA363273E6C3100414D31 /* iCook */ = {
			isa = PBXGroup;
			children = (
				B213280C273EBE1E00061877 /* Classes */,
				248FA5AD27454B9500D40BC4 /* Managers */,
				24CEA379273E6F2F00414D31 /* CustomControlls */,
				B2132809273EB78A00061877 /* Extensions */,
				24CEA378273E6DD100414D31 /* Utils */,
			);
			path = iCook;
			sourceTree = "<group>";
		};
		24CEA378273E6DD100414D31 /* Utils */ = {
			isa = PBXGroup;
			children = (
				24CEA372273E6C3400414D31 /* Info.plist */,
				242D0374275121A5008EFF95 /* GoogleService-Info.plist */,
				24CEA36F273E6C3400414D31 /* LaunchScreen.storyboard */,
				24CEA36D273E6C3400414D31 /* Assets.xcassets */,
				24CEA366273E6C3100414D31 /* SceneDelegate.swift */,
				24CEA364273E6C3100414D31 /* AppDelegate.swift */,
			);
			path = Utils;
			sourceTree = "<group>";
		};
		24CEA379273E6F2F00414D31 /* CustomControlls */ = {
			isa = PBXGroup;
			children = (
				24CEA37A273E76CF00414D31 /* ICViewController.swift */,
				24CEA37C273E79C500414D31 /* ICRoundedImageView.swift */,
				24CEA37E273E79EC00414D31 /* ICLabel.swift */,
				24CEA380273E7A0C00414D31 /* ICButton.swift */,
				249F6D3F274265BF0084ABDD /* ICTabBarController.swift */,
				248FA5A727440D1F00D40BC4 /* ICNavigationController.swift */,
				248FA5AB2745143300D40BC4 /* ICTableViewCell.swift */,
			);
			path = CustomControlls;
			sourceTree = "<group>";
		};
		413ADE116878915F9D7B24D1 /* Frameworks */ = {
			isa = PBXGroup;
			children = (
				E88705D126F9F578197AE697 /* Pods_iCook.framework */,
			);
			name = Frameworks;
			sourceTree = "<group>";
		};
		8CA6E7FEDDA0E2A63C843CE4 /* Pods */ = {
			isa = PBXGroup;
			children = (
				E54C19CDE8E05E5B8BDA142C /* Pods-iCook.debug.xcconfig */,
				218CF855A4A257C05908E111 /* Pods-iCook.release.xcconfig */,
			);
			path = Pods;
			sourceTree = "<group>";
		};
		B2132809273EB78A00061877 /* Extensions */ = {
			isa = PBXGroup;
			children = (
				B213280A273EB7BB00061877 /* UIColor+HEX.swift */,
				24AC3815274CFF7E00850B71 /* UILabel+Height.swift */,
				24AC3817274D2CB400850B71 /* UserDefaults+UserProfile.swift */,
			);
			path = Extensions;
			sourceTree = "<group>";
		};
		B213280C273EBE1E00061877 /* Classes */ = {
			isa = PBXGroup;
			children = (
				248FA5952742B5AF00D40BC4 /* Login */,
				248FA5962742B5BF00D40BC4 /* Home */,
				248FA5B1274661FC00D40BC4 /* MealsList */,
				24AC3808274BD39800850B71 /* MealDetails */,
				24AC3819274E2CC600850B71 /* Favorites */,
				24B7492A275631EA004136DC /* Settings */,
			);
			path = Classes;
			sourceTree = "<group>";
		};
		B2F0FA34274CD57C004BBE75 /* View */ = {
			isa = PBXGroup;
			children = (
				B2F0FA35274CD5A3004BBE75 /* MealDetailsImageTableViewCell.swift */,
				B2F0FA36274CD5A3004BBE75 /* MealDetailsImageTableViewCell.xib */,
				24AC3810274CE5DE00850B71 /* MealDetailsInformationTableViewCell.swift */,
				24AC3811274CE5DE00850B71 /* MealDetailsInformationTableViewCell.xib */,
			);
			path = View;
			sourceTree = "<group>";
		};
/* End PBXGroup section */

/* Begin PBXNativeTarget section */
		24CEA360273E6C3100414D31 /* iCook */ = {
			isa = PBXNativeTarget;
			buildConfigurationList = 24CEA375273E6C3400414D31 /* Build configuration list for PBXNativeTarget "iCook" */;
			buildPhases = (
				EBC81EB9F8896CF6A879A3F8 /* [CP] Check Pods Manifest.lock */,
				24CEA35D273E6C3100414D31 /* Sources */,
				24CEA35E273E6C3100414D31 /* Frameworks */,
				24CEA35F273E6C3100414D31 /* Resources */,
				7691ADF1C69932F0DAE8A73A /* [CP] Embed Pods Frameworks */,
			);
			buildRules = (
			);
			dependencies = (
			);
			name = iCook;
			productName = iCook;
			productReference = 24CEA361273E6C3100414D31 /* iCook.app */;
			productType = "com.apple.product-type.application";
		};
/* End PBXNativeTarget section */

/* Begin PBXProject section */
		24CEA359273E6C3100414D31 /* Project object */ = {
			isa = PBXProject;
			attributes = {
				BuildIndependentTargetsInParallel = 1;
				LastSwiftUpdateCheck = 1310;
				LastUpgradeCheck = 1310;
				TargetAttributes = {
					24CEA360273E6C3100414D31 = {
						CreatedOnToolsVersion = 13.1;
					};
				};
			};
			buildConfigurationList = 24CEA35C273E6C3100414D31 /* Build configuration list for PBXProject "iCook" */;
			compatibilityVersion = "Xcode 13.0";
			developmentRegion = en;
			hasScannedForEncodings = 0;
			knownRegions = (
				en,
				Base,
			);
			mainGroup = 24CEA358273E6C3100414D31;
			productRefGroup = 24CEA362273E6C3100414D31 /* Products */;
			projectDirPath = "";
			projectRoot = "";
			targets = (
				24CEA360273E6C3100414D31 /* iCook */,
			);
		};
/* End PBXProject section */

/* Begin PBXResourcesBuildPhase section */
		24CEA35F273E6C3100414D31 /* Resources */ = {
			isa = PBXResourcesBuildPhase;
			buildActionMask = 2147483647;
			files = (
				24B7492E2756321E004136DC /* SettingsViewController.xib in Resources */,
				B2F0FA38274CD5A3004BBE75 /* MealDetailsImageTableViewCell.xib in Resources */,
				24CEA371273E6C3400414D31 /* LaunchScreen.storyboard in Resources */,
				248FA5B52746624700D40BC4 /* MealsListViewController.xib in Resources */,
				24AC380C274BD3CE00850B71 /* MealDetailsViewController.xib in Resources */,
				24CEA36E273E6C3400414D31 /* Assets.xcassets in Resources */,
				242D0375275121A5008EFF95 /* GoogleService-Info.plist in Resources */,
				24AC381D274E2D0700850B71 /* FavoritesViewController.xib in Resources */,
				248FA59C2743B27C00D40BC4 /* CategoriesTableViewCell.xib in Resources */,
				248FA5BF274664D300D40BC4 /* MealListTableViewCell.xib in Resources */,
				24CEA36C273E6C3100414D31 /* Main.storyboard in Resources */,
				24AC3813274CE5DE00850B71 /* MealDetailsInformationTableViewCell.xib in Resources */,
				248FA5942742B5A600D40BC4 /* HomeViewController.xib in Resources */,
			);
			runOnlyForDeploymentPostprocessing = 0;
		};
/* End PBXResourcesBuildPhase section */

/* Begin PBXShellScriptBuildPhase section */
		7691ADF1C69932F0DAE8A73A /* [CP] Embed Pods Frameworks */ = {
			isa = PBXShellScriptBuildPhase;
			buildActionMask = 2147483647;
			files = (
			);
			inputFileListPaths = (
				"${PODS_ROOT}/Target Support Files/Pods-iCook/Pods-iCook-frameworks-${CONFIGURATION}-input-files.xcfilelist",
			);
			name = "[CP] Embed Pods Frameworks";
			outputFileListPaths = (
				"${PODS_ROOT}/Target Support Files/Pods-iCook/Pods-iCook-frameworks-${CONFIGURATION}-output-files.xcfilelist",
			);
			runOnlyForDeploymentPostprocessing = 0;
			shellPath = /bin/sh;
			shellScript = "\"${PODS_ROOT}/Target Support Files/Pods-iCook/Pods-iCook-frameworks.sh\"\n";
			showEnvVarsInLog = 0;
		};
		EBC81EB9F8896CF6A879A3F8 /* [CP] Check Pods Manifest.lock */ = {
			isa = PBXShellScriptBuildPhase;
			buildActionMask = 2147483647;
			files = (
			);
			inputFileListPaths = (
			);
			inputPaths = (
				"${PODS_PODFILE_DIR_PATH}/Podfile.lock",
				"${PODS_ROOT}/Manifest.lock",
			);
			name = "[CP] Check Pods Manifest.lock";
			outputFileListPaths = (
			);
			outputPaths = (
				"$(DERIVED_FILE_DIR)/Pods-iCook-checkManifestLockResult.txt",
			);
			runOnlyForDeploymentPostprocessing = 0;
			shellPath = /bin/sh;
			shellScript = "diff \"${PODS_PODFILE_DIR_PATH}/Podfile.lock\" \"${PODS_ROOT}/Manifest.lock\" > /dev/null\nif [ $? != 0 ] ; then\n    # print error to STDERR\n    echo \"error: The sandbox is not in sync with the Podfile.lock. Run 'pod install' or update your CocoaPods installation.\" >&2\n    exit 1\nfi\n# This output is used by Xcode 'outputs' to avoid re-running this script phase.\necho \"SUCCESS\" > \"${SCRIPT_OUTPUT_FILE_0}\"\n";
			showEnvVarsInLog = 0;
		};
/* End PBXShellScriptBuildPhase section */

/* Begin PBXSourcesBuildPhase section */
		24CEA35D273E6C3100414D31 /* Sources */ = {
			isa = PBXSourcesBuildPhase;
			buildActionMask = 2147483647;
			files = (
				24AC381C274E2D0700850B71 /* FavoritesViewController.swift in Sources */,
				248FA5AC2745143300D40BC4 /* ICTableViewCell.swift in Sources */,
				24AC3816274CFF7E00850B71 /* UILabel+Height.swift in Sources */,
				24AC380F274BD84300850B71 /* MealDetailsModel.swift in Sources */,
				24CEA37F273E79EC00414D31 /* ICLabel.swift in Sources */,
				B213280B273EB7BB00061877 /* UIColor+HEX.swift in Sources */,
				248FA5A827440D1F00D40BC4 /* ICNavigationController.swift in Sources */,
				24CEA37B273E76CF00414D31 /* ICViewController.swift in Sources */,
				B21C1CF727466CED00B1E844 /* ICServerConstants.swift in Sources */,
				24CEA369273E6C3100414D31 /* LoginViewController.swift in Sources */,
				248FA5B027454BFD00D40BC4 /* HTTPManager.swift in Sources */,
				24CEA365273E6C3100414D31 /* AppDelegate.swift in Sources */,
				248FA59B2743B27C00D40BC4 /* CategoriesTableViewCell.swift in Sources */,
				24AC3818274D2CB400850B71 /* UserDefaults+UserProfile.swift in Sources */,
				248FA5B82746634D00D40BC4 /* MealListModel.swift in Sources */,
				248FA5BE274664D300D40BC4 /* MealListTableViewCell.swift in Sources */,
				248FA5932742B5A600D40BC4 /* HomeViewController.swift in Sources */,
				24AC3814274CF7B300850B71 /* MealDetailsInformationTableViewCell.swift in Sources */,
				249F6D40274265BF0084ABDD /* ICTabBarController.swift in Sources */,
				B2F0FA37274CD5A3004BBE75 /* MealDetailsImageTableViewCell.swift in Sources */,
				248FA5B42746624700D40BC4 /* MealsListViewController.swift in Sources */,
				24AC381F274E345800850B71 /* StorageManager.swift in Sources */,
				24CEA381273E7A0C00414D31 /* ICButton.swift in Sources */,
				24B7492D2756321E004136DC /* SettingsViewController.swift in Sources */,
				24CEA37D273E79C500414D31 /* ICRoundedImageView.swift in Sources */,
				24CEA367273E6C3100414D31 /* SceneDelegate.swift in Sources */,
				24AC380B274BD3CE00850B71 /* MealDetailsViewController.swift in Sources */,
				248FA5A32743BE8F00D40BC4 /* CategoryModel.swift in Sources */,
			);
			runOnlyForDeploymentPostprocessing = 0;
		};
/* End PBXSourcesBuildPhase section */

/* Begin PBXVariantGroup section */
		24CEA36A273E6C3100414D31 /* Main.storyboard */ = {
			isa = PBXVariantGroup;
			children = (
				24CEA36B273E6C3100414D31 /* Base */,
			);
			name = Main.storyboard;
			sourceTree = "<group>";
		};
		24CEA36F273E6C3400414D31 /* LaunchScreen.storyboard */ = {
			isa = PBXVariantGroup;
			children = (
				24CEA370273E6C3400414D31 /* Base */,
			);
			name = LaunchScreen.storyboard;
			sourceTree = "<group>";
		};
/* End PBXVariantGroup section */

/* Begin XCBuildConfiguration section */
		24CEA373273E6C3400414D31 /* Debug */ = {
			isa = XCBuildConfiguration;
			buildSettings = {
				ALWAYS_SEARCH_USER_PATHS = NO;
				CLANG_ANALYZER_NONNULL = YES;
				CLANG_ANALYZER_NUMBER_OBJECT_CONVERSION = YES_AGGRESSIVE;
				CLANG_CXX_LANGUAGE_STANDARD = "gnu++17";
				CLANG_CXX_LIBRARY = "libc++";
				CLANG_ENABLE_MODULES = YES;
				CLANG_ENABLE_OBJC_ARC = YES;
				CLANG_ENABLE_OBJC_WEAK = YES;
				CLANG_WARN_BLOCK_CAPTURE_AUTORELEASING = YES;
				CLANG_WARN_BOOL_CONVERSION = YES;
				CLANG_WARN_COMMA = YES;
				CLANG_WARN_CONSTANT_CONVERSION = YES;
				CLANG_WARN_DEPRECATED_OBJC_IMPLEMENTATIONS = YES;
				CLANG_WARN_DIRECT_OBJC_ISA_USAGE = YES_ERROR;
				CLANG_WARN_DOCUMENTATION_COMMENTS = YES;
				CLANG_WARN_EMPTY_BODY = YES;
				CLANG_WARN_ENUM_CONVERSION = YES;
				CLANG_WARN_INFINITE_RECURSION = YES;
				CLANG_WARN_INT_CONVERSION = YES;
				CLANG_WARN_NON_LITERAL_NULL_CONVERSION = YES;
				CLANG_WARN_OBJC_IMPLICIT_RETAIN_SELF = YES;
				CLANG_WARN_OBJC_LITERAL_CONVERSION = YES;
				CLANG_WARN_OBJC_ROOT_CLASS = YES_ERROR;
				CLANG_WARN_QUOTED_INCLUDE_IN_FRAMEWORK_HEADER = YES;
				CLANG_WARN_RANGE_LOOP_ANALYSIS = YES;
				CLANG_WARN_STRICT_PROTOTYPES = YES;
				CLANG_WARN_SUSPICIOUS_MOVE = YES;
				CLANG_WARN_UNGUARDED_AVAILABILITY = YES_AGGRESSIVE;
				CLANG_WARN_UNREACHABLE_CODE = YES;
				CLANG_WARN__DUPLICATE_METHOD_MATCH = YES;
				COPY_PHASE_STRIP = NO;
				DEBUG_INFORMATION_FORMAT = dwarf;
				ENABLE_STRICT_OBJC_MSGSEND = YES;
				ENABLE_TESTABILITY = YES;
				GCC_C_LANGUAGE_STANDARD = gnu11;
				GCC_DYNAMIC_NO_PIC = NO;
				GCC_NO_COMMON_BLOCKS = YES;
				GCC_OPTIMIZATION_LEVEL = 0;
				GCC_PREPROCESSOR_DEFINITIONS = (
					"DEBUG=1",
					"$(inherited)",
				);
				GCC_WARN_64_TO_32_BIT_CONVERSION = YES;
				GCC_WARN_ABOUT_RETURN_TYPE = YES_ERROR;
				GCC_WARN_UNDECLARED_SELECTOR = YES;
				GCC_WARN_UNINITIALIZED_AUTOS = YES_AGGRESSIVE;
				GCC_WARN_UNUSED_FUNCTION = YES;
				GCC_WARN_UNUSED_VARIABLE = YES;
				IPHONEOS_DEPLOYMENT_TARGET = 15.0;
				MTL_ENABLE_DEBUG_INFO = INCLUDE_SOURCE;
				MTL_FAST_MATH = YES;
				ONLY_ACTIVE_ARCH = YES;
				SDKROOT = iphoneos;
				SWIFT_ACTIVE_COMPILATION_CONDITIONS = DEBUG;
				SWIFT_OPTIMIZATION_LEVEL = "-Onone";
			};
			name = Debug;
		};
		24CEA374273E6C3400414D31 /* Release */ = {
			isa = XCBuildConfiguration;
			buildSettings = {
				ALWAYS_SEARCH_USER_PATHS = NO;
				CLANG_ANALYZER_NONNULL = YES;
				CLANG_ANALYZER_NUMBER_OBJECT_CONVERSION = YES_AGGRESSIVE;
				CLANG_CXX_LANGUAGE_STANDARD = "gnu++17";
				CLANG_CXX_LIBRARY = "libc++";
				CLANG_ENABLE_MODULES = YES;
				CLANG_ENABLE_OBJC_ARC = YES;
				CLANG_ENABLE_OBJC_WEAK = YES;
				CLANG_WARN_BLOCK_CAPTURE_AUTORELEASING = YES;
				CLANG_WARN_BOOL_CONVERSION = YES;
				CLANG_WARN_COMMA = YES;
				CLANG_WARN_CONSTANT_CONVERSION = YES;
				CLANG_WARN_DEPRECATED_OBJC_IMPLEMENTATIONS = YES;
				CLANG_WARN_DIRECT_OBJC_ISA_USAGE = YES_ERROR;
				CLANG_WARN_DOCUMENTATION_COMMENTS = YES;
				CLANG_WARN_EMPTY_BODY = YES;
				CLANG_WARN_ENUM_CONVERSION = YES;
				CLANG_WARN_INFINITE_RECURSION = YES;
				CLANG_WARN_INT_CONVERSION = YES;
				CLANG_WARN_NON_LITERAL_NULL_CONVERSION = YES;
				CLANG_WARN_OBJC_IMPLICIT_RETAIN_SELF = YES;
				CLANG_WARN_OBJC_LITERAL_CONVERSION = YES;
				CLANG_WARN_OBJC_ROOT_CLASS = YES_ERROR;
				CLANG_WARN_QUOTED_INCLUDE_IN_FRAMEWORK_HEADER = YES;
				CLANG_WARN_RANGE_LOOP_ANALYSIS = YES;
				CLANG_WARN_STRICT_PROTOTYPES = YES;
				CLANG_WARN_SUSPICIOUS_MOVE = YES;
				CLANG_WARN_UNGUARDED_AVAILABILITY = YES_AGGRESSIVE;
				CLANG_WARN_UNREACHABLE_CODE = YES;
				CLANG_WARN__DUPLICATE_METHOD_MATCH = YES;
				COPY_PHASE_STRIP = NO;
				DEBUG_INFORMATION_FORMAT = "dwarf-with-dsym";
				ENABLE_NS_ASSERTIONS = NO;
				ENABLE_STRICT_OBJC_MSGSEND = YES;
				GCC_C_LANGUAGE_STANDARD = gnu11;
				GCC_NO_COMMON_BLOCKS = YES;
				GCC_WARN_64_TO_32_BIT_CONVERSION = YES;
				GCC_WARN_ABOUT_RETURN_TYPE = YES_ERROR;
				GCC_WARN_UNDECLARED_SELECTOR = YES;
				GCC_WARN_UNINITIALIZED_AUTOS = YES_AGGRESSIVE;
				GCC_WARN_UNUSED_FUNCTION = YES;
				GCC_WARN_UNUSED_VARIABLE = YES;
				IPHONEOS_DEPLOYMENT_TARGET = 15.0;
				MTL_ENABLE_DEBUG_INFO = NO;
				MTL_FAST_MATH = YES;
				SDKROOT = iphoneos;
				SWIFT_COMPILATION_MODE = wholemodule;
				SWIFT_OPTIMIZATION_LEVEL = "-O";
				VALIDATE_PRODUCT = YES;
			};
			name = Release;
		};
		24CEA376273E6C3400414D31 /* Debug */ = {
			isa = XCBuildConfiguration;
			baseConfigurationReference = E54C19CDE8E05E5B8BDA142C /* Pods-iCook.debug.xcconfig */;
			buildSettings = {
				ASSETCATALOG_COMPILER_APPICON_NAME = AppIcon;
				ASSETCATALOG_COMPILER_GLOBAL_ACCENT_COLOR_NAME = AccentColor;
				CODE_SIGN_IDENTITY = "iPhone Developer";
				CODE_SIGN_STYLE = Manual;
				CURRENT_PROJECT_VERSION = 1;
				DEVELOPMENT_TEAM = J8MUWCUC7C;
				GENERATE_INFOPLIST_FILE = YES;
				INFOPLIST_FILE = iCook/Utils/Info.plist;
				INFOPLIST_KEY_UIApplicationSupportsIndirectInputEvents = YES;
				INFOPLIST_KEY_UILaunchStoryboardName = LaunchScreen;
				INFOPLIST_KEY_UIMainStoryboardFile = Main;
				INFOPLIST_KEY_UISupportedInterfaceOrientations_iPad = "UIInterfaceOrientationPortrait UIInterfaceOrientationPortraitUpsideDown UIInterfaceOrientationLandscapeLeft UIInterfaceOrientationLandscapeRight";
				INFOPLIST_KEY_UISupportedInterfaceOrientations_iPhone = "UIInterfaceOrientationPortrait UIInterfaceOrientationLandscapeLeft UIInterfaceOrientationLandscapeRight";
				IPHONEOS_DEPLOYMENT_TARGET = 15.0;
				LD_RUNPATH_SEARCH_PATHS = (
					"$(inherited)",
					"@executable_path/Frameworks",
				);
				MARKETING_VERSION = 1.0;
				PRODUCT_BUNDLE_IDENTIFIER = com.mobilewaves.icook;
				PRODUCT_NAME = "$(TARGET_NAME)";
				PROVISIONING_PROFILE_SPECIFIER = "iCook Dev Profile";
				SWIFT_EMIT_LOC_STRINGS = YES;
				SWIFT_VERSION = 5.0;
				TARGETED_DEVICE_FAMILY = "1,2";
			};
			name = Debug;
		};
		24CEA377273E6C3400414D31 /* Release */ = {
			isa = XCBuildConfiguration;
			baseConfigurationReference = 218CF855A4A257C05908E111 /* Pods-iCook.release.xcconfig */;
			buildSettings = {
				ASSETCATALOG_COMPILER_APPICON_NAME = AppIcon;
				ASSETCATALOG_COMPILER_GLOBAL_ACCENT_COLOR_NAME = AccentColor;
				CODE_SIGN_IDENTITY = "iPhone Developer";
				CODE_SIGN_STYLE = Manual;
				CURRENT_PROJECT_VERSION = 1;
				DEVELOPMENT_TEAM = J8MUWCUC7C;
				GENERATE_INFOPLIST_FILE = YES;
				INFOPLIST_FILE = iCook/Utils/Info.plist;
				INFOPLIST_KEY_UIApplicationSupportsIndirectInputEvents = YES;
				INFOPLIST_KEY_UILaunchStoryboardName = LaunchScreen;
				INFOPLIST_KEY_UIMainStoryboardFile = Main;
				INFOPLIST_KEY_UISupportedInterfaceOrientations_iPad = "UIInterfaceOrientationPortrait UIInterfaceOrientationPortraitUpsideDown UIInterfaceOrientationLandscapeLeft UIInterfaceOrientationLandscapeRight";
				INFOPLIST_KEY_UISupportedInterfaceOrientations_iPhone = "UIInterfaceOrientationPortrait UIInterfaceOrientationLandscapeLeft UIInterfaceOrientationLandscapeRight";
				IPHONEOS_DEPLOYMENT_TARGET = 15.0;
				LD_RUNPATH_SEARCH_PATHS = (
					"$(inherited)",
					"@executable_path/Frameworks",
				);
				MARKETING_VERSION = 1.0;
				PRODUCT_BUNDLE_IDENTIFIER = com.mobilewaves.icook;
				PRODUCT_NAME = "$(TARGET_NAME)";
				PROVISIONING_PROFILE_SPECIFIER = "iCook Dev Profile";
				SWIFT_EMIT_LOC_STRINGS = YES;
				SWIFT_VERSION = 5.0;
				TARGETED_DEVICE_FAMILY = "1,2";
			};
			name = Release;
		};
/* End XCBuildConfiguration section */

/* Begin XCConfigurationList section */
		24CEA35C273E6C3100414D31 /* Build configuration list for PBXProject "iCook" */ = {
			isa = XCConfigurationList;
			buildConfigurations = (
				24CEA373273E6C3400414D31 /* Debug */,
				24CEA374273E6C3400414D31 /* Release */,
			);
			defaultConfigurationIsVisible = 0;
			defaultConfigurationName = Release;
		};
		24CEA375273E6C3400414D31 /* Build configuration list for PBXNativeTarget "iCook" */ = {
			isa = XCConfigurationList;
			buildConfigurations = (
				24CEA376273E6C3400414D31 /* Debug */,
				24CEA377273E6C3400414D31 /* Release */,
			);
			defaultConfigurationIsVisible = 0;
			defaultConfigurationName = Release;
		};
/* End XCConfigurationList section */
	};
	rootObject = 24CEA359273E6C3100414D31 /* Project object */;
}
